
Microsoft Visual Studio Solution File, Format Version 12.00
# Visual Studio 15
VisualStudioVersion = 15.0.27813.1
MinimumVisualStudioVersion = 10.0.40219.1
Project("{9A19103F-16F7-4668-BE54-9A1E7A4F7556}") = "ExcelInterop", "ExcelInterop\ExcelInterop.csproj", "{19B5E814-9022-41E5-82ED-D07F744D765B}"
EndProject
Project("{9A19103F-16F7-4668-BE54-9A1E7A4F7556}") = "ExcelInterop.Sample", "ExcelInterop.Test\ExcelInterop.Sample.csproj", "{9C1BA533-EA5D-4520-81C3-4A5A1E6F549B}"
EndProject
Global
	GlobalSection(SolutionConfigurationPlatforms) = preSolution
		Debug|Any CPU = Debug|Any CPU
		Release|Any CPU = Release|Any CPU
	EndGlobalSection
	GlobalSection(ProjectConfigurationPlatforms) = postSolution
		{19B5E814-9022-41E5-82ED-D07F744D765B}.Debug|Any CPU.ActiveCfg = Debug|Any CPU
		{19B5E814-9022-41E5-82ED-D07F744D765B}.Debug|Any CPU.Build.0 = Debug|Any CPU
		{19B5E814-9022-41E5-82ED-D07F744D765B}.Release|Any CPU.ActiveCfg = Release|Any CPU
		{19B5E814-9022-41E5-82ED-D07F744D765B}.Release|Any CPU.Build.0 = Release|Any CPU
		{9C1BA533-EA5D-4520-81C3-4A5A1E6F549B}.Debug|Any CPU.ActiveCfg = Debug|Any CPU
		{9C1BA533-EA5D-4520-81C3-4A5A1E6F549B}.Debug|Any CPU.Build.0 = Debug|Any CPU
		{9C1BA533-EA5D-4520-81C3-4A5A1E6F549B}.Release|Any CPU.ActiveCfg = Release|Any CPU
		{9C1BA533-EA5D-4520-81C3-4A5A1E6F549B}.Release|Any CPU.Build.0 = Release|Any CPU
	EndGlobalSection
	GlobalSection(SolutionProperties) = preSolution
		HideSolutionNode = FALSE
	EndGlobalSection
	GlobalSection(ExtensibilityGlobals) = postSolution
		SolutionGuid = {9A697CBA-0271-4401-9134-B36BF4D550FE}
	EndGlobalSection
EndGlobal
